// !$*UTF8*$!
{
	archiveVersion = 1;
	classes = {
	};
	objectVersion = 56;
	objects = {

/* Begin PBXBuildFile section */
		85A95DB02BE3C72C00E37863 /* AppDelegate.swift in Sources */ = {isa = PBXBuildFile; fileRef = 85A95DAF2BE3C72C00E37863 /* AppDelegate.swift */; };
		85A95DB22BE3C72C00E37863 /* SceneDelegate.swift in Sources */ = {isa = PBXBuildFile; fileRef = 85A95DB12BE3C72C00E37863 /* SceneDelegate.swift */; };
		85A95DB42BE3C72C00E37863 /* MainViewController.swift in Sources */ = {isa = PBXBuildFile; fileRef = 85A95DB32BE3C72C00E37863 /* MainViewController.swift */; };
		85A95DB92BE3C72E00E37863 /* Assets.xcassets in Resources */ = {isa = PBXBuildFile; fileRef = 85A95DB82BE3C72E00E37863 /* Assets.xcassets */; };
		85A95DBC2BE3C72E00E37863 /* Base in Resources */ = {isa = PBXBuildFile; fileRef = 85A95DBB2BE3C72E00E37863 /* Base */; };
		85A95DCD2BE3C88900E37863 /* CatFactModel.swift in Sources */ = {isa = PBXBuildFile; fileRef = 85A95DCC2BE3C88900E37863 /* CatFactModel.swift */; };
		85A95DCF2BE3C97900E37863 /* MainViewControllerModel.swift in Sources */ = {isa = PBXBuildFile; fileRef = 85A95DCE2BE3C97900E37863 /* MainViewControllerModel.swift */; };
		85A95DD22BE3CC1300E37863 /* CatFactCollectionViewCell.swift in Sources */ = {isa = PBXBuildFile; fileRef = 85A95DD12BE3CC1300E37863 /* CatFactCollectionViewCell.swift */; };
		85A95DD52BE418A300E37863 /* CatFactModelLinks.swift in Sources */ = {isa = PBXBuildFile; fileRef = 85A95DD42BE418A300E37863 /* CatFactModelLinks.swift */; };
		85A95DD82BE4225F00E37863 /* UIColor.swift in Sources */ = {isa = PBXBuildFile; fileRef = 85A95DD72BE4225F00E37863 /* UIColor.swift */; };
		85A95DDA2BE422F400E37863 /* MainViewController+CollectionView.swift in Sources */ = {isa = PBXBuildFile; fileRef = 85A95DD92BE422F400E37863 /* MainViewController+CollectionView.swift */; };
		85A95DDE2BE44C0400E37863 /* SimpleNetworking in Frameworks */ = {isa = PBXBuildFile; productRef = 85A95DDD2BE44C0400E37863 /* SimpleNetworking */; };
/* End PBXBuildFile section */

/* Begin PBXFileReference section */
		85A95DAC2BE3C72C00E37863 /* მოდულარობა.app */ = {isa = PBXFileReference; explicitFileType = wrapper.application; includeInIndex = 0; path = "მოდულარობა.app"; sourceTree = BUILT_PRODUCTS_DIR; };
		85A95DAF2BE3C72C00E37863 /* AppDelegate.swift */ = {isa = PBXFileReference; lastKnownFileType = sourcecode.swift; path = AppDelegate.swift; sourceTree = "<group>"; };
		85A95DB12BE3C72C00E37863 /* SceneDelegate.swift */ = {isa = PBXFileReference; lastKnownFileType = sourcecode.swift; path = SceneDelegate.swift; sourceTree = "<group>"; };
		85A95DB32BE3C72C00E37863 /* MainViewController.swift */ = {isa = PBXFileReference; lastKnownFileType = sourcecode.swift; path = MainViewController.swift; sourceTree = "<group>"; };
		85A95DB82BE3C72E00E37863 /* Assets.xcassets */ = {isa = PBXFileReference; lastKnownFileType = folder.assetcatalog; path = Assets.xcassets; sourceTree = "<group>"; };
		85A95DBB2BE3C72E00E37863 /* Base */ = {isa = PBXFileReference; lastKnownFileType = file.storyboard; name = Base; path = Base.lproj/LaunchScreen.storyboard; sourceTree = "<group>"; };
		85A95DBD2BE3C72E00E37863 /* Info.plist */ = {isa = PBXFileReference; lastKnownFileType = text.plist.xml; path = Info.plist; sourceTree = "<group>"; };
		85A95DCC2BE3C88900E37863 /* CatFactModel.swift */ = {isa = PBXFileReference; lastKnownFileType = sourcecode.swift; path = CatFactModel.swift; sourceTree = "<group>"; };
		85A95DCE2BE3C97900E37863 /* MainViewControllerModel.swift */ = {isa = PBXFileReference; lastKnownFileType = sourcecode.swift; path = MainViewControllerModel.swift; sourceTree = "<group>"; };
		85A95DD12BE3CC1300E37863 /* CatFactCollectionViewCell.swift */ = {isa = PBXFileReference; lastKnownFileType = sourcecode.swift; path = CatFactCollectionViewCell.swift; sourceTree = "<group>"; };
		85A95DD42BE418A300E37863 /* CatFactModelLinks.swift */ = {isa = PBXFileReference; lastKnownFileType = sourcecode.swift; path = CatFactModelLinks.swift; sourceTree = "<group>"; };
		85A95DD72BE4225F00E37863 /* UIColor.swift */ = {isa = PBXFileReference; lastKnownFileType = sourcecode.swift; path = UIColor.swift; sourceTree = "<group>"; };
		85A95DD92BE422F400E37863 /* MainViewController+CollectionView.swift */ = {isa = PBXFileReference; lastKnownFileType = sourcecode.swift; path = "MainViewController+CollectionView.swift"; sourceTree = "<group>"; };
/* End PBXFileReference section */

/* Begin PBXFrameworksBuildPhase section */
		85A95DA92BE3C72C00E37863 /* Frameworks */ = {
			isa = PBXFrameworksBuildPhase;
			buildActionMask = 2147483647;
			files = (
				85A95DDE2BE44C0400E37863 /* SimpleNetworking in Frameworks */,
			);
			runOnlyForDeploymentPostprocessing = 0;
		};
/* End PBXFrameworksBuildPhase section */

/* Begin PBXGroup section */
		85A95DA32BE3C72C00E37863 = {
			isa = PBXGroup;
			children = (
				85A95DAE2BE3C72C00E37863 /* მოდულარობა */,
				85A95DAD2BE3C72C00E37863 /* Products */,
			);
			sourceTree = "<group>";
		};
		85A95DAD2BE3C72C00E37863 /* Products */ = {
			isa = PBXGroup;
			children = (
				85A95DAC2BE3C72C00E37863 /* მოდულარობა.app */,
			);
			name = Products;
			sourceTree = "<group>";
		};
		85A95DAE2BE3C72C00E37863 /* მოდულარობა */ = {
			isa = PBXGroup;
			children = (
				85A95DC72BE3C7C200E37863 /* App */,
				85A95DC82BE3C7CD00E37863 /* Resources */,
				85A95DD62BE4225200E37863 /* Classes */,
				85A95DD02BE3CBDB00E37863 /* Views */,
				85A95DC52BE3C7A500E37863 /* ViewControllers&ViewModels */,
				85A95DC32BE3C79800E37863 /* Model */,
			);
			path = "მოდულარობა";
			sourceTree = "<group>";
		};
		85A95DC32BE3C79800E37863 /* Model */ = {
			isa = PBXGroup;
			children = (
				85A95DCC2BE3C88900E37863 /* CatFactModel.swift */,
				85A95DD42BE418A300E37863 /* CatFactModelLinks.swift */,
			);
			path = Model;
			sourceTree = "<group>";
		};
		85A95DC52BE3C7A500E37863 /* ViewControllers&ViewModels */ = {
			isa = PBXGroup;
			children = (
				85A95DC92BE3C81800E37863 /* MainView */,
			);
			path = "ViewControllers&ViewModels";
			sourceTree = "<group>";
		};
		85A95DC72BE3C7C200E37863 /* App */ = {
			isa = PBXGroup;
			children = (
				85A95DBD2BE3C72E00E37863 /* Info.plist */,
				85A95DAF2BE3C72C00E37863 /* AppDelegate.swift */,
				85A95DB12BE3C72C00E37863 /* SceneDelegate.swift */,
			);
			path = App;
			sourceTree = "<group>";
		};
		85A95DC82BE3C7CD00E37863 /* Resources */ = {
			isa = PBXGroup;
			children = (
				85A95DB82BE3C72E00E37863 /* Assets.xcassets */,
				85A95DBA2BE3C72E00E37863 /* LaunchScreen.storyboard */,
			);
			path = Resources;
			sourceTree = "<group>";
		};
		85A95DC92BE3C81800E37863 /* MainView */ = {
			isa = PBXGroup;
			children = (
				85A95DD32BE3CDB900E37863 /* MVC + CollectionView */,
				85A95DB32BE3C72C00E37863 /* MainViewController.swift */,
				85A95DCE2BE3C97900E37863 /* MainViewControllerModel.swift */,
			);
			path = MainView;
			sourceTree = "<group>";
		};
		85A95DD02BE3CBDB00E37863 /* Views */ = {
			isa = PBXGroup;
			children = (
				85A95DDB2BE4433700E37863 /* CollectionView Cell */,
			);
			path = Views;
			sourceTree = "<group>";
		};
		85A95DD32BE3CDB900E37863 /* MVC + CollectionView */ = {
			isa = PBXGroup;
			children = (
				85A95DD92BE422F400E37863 /* MainViewController+CollectionView.swift */,
			);
			path = "MVC + CollectionView";
			sourceTree = "<group>";
		};
		85A95DD62BE4225200E37863 /* Classes */ = {
			isa = PBXGroup;
			children = (
				85A95DD72BE4225F00E37863 /* UIColor.swift */,
			);
			path = Classes;
			sourceTree = "<group>";
		};
		85A95DDB2BE4433700E37863 /* CollectionView Cell */ = {
			isa = PBXGroup;
			children = (
				85A95DD12BE3CC1300E37863 /* CatFactCollectionViewCell.swift */,
			);
			path = "CollectionView Cell";
			sourceTree = "<group>";
		};
/* End PBXGroup section */

/* Begin PBXNativeTarget section */
		85A95DAB2BE3C72C00E37863 /* მოდულარობა */ = {
			isa = PBXNativeTarget;
			buildConfigurationList = 85A95DC02BE3C72E00E37863 /* Build configuration list for PBXNativeTarget "მოდულარობა" */;
			buildPhases = (
				85A95DA82BE3C72C00E37863 /* Sources */,
				85A95DA92BE3C72C00E37863 /* Frameworks */,
				85A95DAA2BE3C72C00E37863 /* Resources */,
			);
			buildRules = (
			);
			dependencies = (
			);
			name = "მოდულარობა";
			packageProductDependencies = (
				85A95DDD2BE44C0400E37863 /* SimpleNetworking */,
			);
			productName = "მოდულარობა";
			productReference = 85A95DAC2BE3C72C00E37863 /* მოდულარობა.app */;
			productType = "com.apple.product-type.application";
		};
/* End PBXNativeTarget section */

/* Begin PBXProject section */
		85A95DA42BE3C72C00E37863 /* Project object */ = {
			isa = PBXProject;
			attributes = {
				BuildIndependentTargetsInParallel = 1;
				LastSwiftUpdateCheck = 1530;
				LastUpgradeCheck = 1530;
				TargetAttributes = {
					85A95DAB2BE3C72C00E37863 = {
						CreatedOnToolsVersion = 15.3;
					};
				};
			};
			buildConfigurationList = 85A95DA72BE3C72C00E37863 /* Build configuration list for PBXProject "მოდულარობა" */;
			compatibilityVersion = "Xcode 14.0";
			developmentRegion = en;
			hasScannedForEncodings = 0;
			knownRegions = (
				en,
				Base,
			);
			mainGroup = 85A95DA32BE3C72C00E37863;
			packageReferences = (
				85A95DDC2BE44C0400E37863 /* XCRemoteSwiftPackageReference "SimpleNetworking" */,
			);
			productRefGroup = 85A95DAD2BE3C72C00E37863 /* Products */;
			projectDirPath = "";
			projectRoot = "";
			targets = (
				85A95DAB2BE3C72C00E37863 /* მოდულარობა */,
			);
		};
/* End PBXProject section */

/* Begin PBXResourcesBuildPhase section */
		85A95DAA2BE3C72C00E37863 /* Resources */ = {
			isa = PBXResourcesBuildPhase;
			buildActionMask = 2147483647;
			files = (
				85A95DB92BE3C72E00E37863 /* Assets.xcassets in Resources */,
				85A95DBC2BE3C72E00E37863 /* Base in Resources */,
			);
			runOnlyForDeploymentPostprocessing = 0;
		};
/* End PBXResourcesBuildPhase section */

/* Begin PBXSourcesBuildPhase section */
		85A95DA82BE3C72C00E37863 /* Sources */ = {
			isa = PBXSourcesBuildPhase;
			buildActionMask = 2147483647;
			files = (
				85A95DB42BE3C72C00E37863 /* MainViewController.swift in Sources */,
				85A95DCF2BE3C97900E37863 /* MainViewControllerModel.swift in Sources */,
				85A95DD52BE418A300E37863 /* CatFactModelLinks.swift in Sources */,
				85A95DB02BE3C72C00E37863 /* AppDelegate.swift in Sources */,
				85A95DD82BE4225F00E37863 /* UIColor.swift in Sources */,
				85A95DDA2BE422F400E37863 /* MainViewController+CollectionView.swift in Sources */,
				85A95DD22BE3CC1300E37863 /* CatFactCollectionViewCell.swift in Sources */,
				85A95DB22BE3C72C00E37863 /* SceneDelegate.swift in Sources */,
				85A95DCD2BE3C88900E37863 /* CatFactModel.swift in Sources */,
			);
			runOnlyForDeploymentPostprocessing = 0;
		};
/* End PBXSourcesBuildPhase section */

/* Begin PBXVariantGroup section */
		85A95DBA2BE3C72E00E37863 /* LaunchScreen.storyboard */ = {
			isa = PBXVariantGroup;
			children = (
				85A95DBB2BE3C72E00E37863 /* Base */,
			);
			name = LaunchScreen.storyboard;
			sourceTree = "<group>";
		};
/* End PBXVariantGroup section */

/* Begin XCBuildConfiguration section */
		85A95DBE2BE3C72E00E37863 /* Debug */ = {
			isa = XCBuildConfiguration;
			buildSettings = {
				ALWAYS_SEARCH_USER_PATHS = NO;
				ASSETCATALOG_COMPILER_GENERATE_SWIFT_ASSET_SYMBOL_EXTENSIONS = YES;
				CLANG_ANALYZER_NONNULL = YES;
				CLANG_ANALYZER_NUMBER_OBJECT_CONVERSION = YES_AGGRESSIVE;
				CLANG_CXX_LANGUAGE_STANDARD = "gnu++20";
				CLANG_ENABLE_MODULES = YES;
				CLANG_ENABLE_OBJC_ARC = YES;
				CLANG_ENABLE_OBJC_WEAK = YES;
				CLANG_WARN_BLOCK_CAPTURE_AUTORELEASING = YES;
				CLANG_WARN_BOOL_CONVERSION = YES;
				CLANG_WARN_COMMA = YES;
				CLANG_WARN_CONSTANT_CONVERSION = YES;
				CLANG_WARN_DEPRECATED_OBJC_IMPLEMENTATIONS = YES;
				CLANG_WARN_DIRECT_OBJC_ISA_USAGE = YES_ERROR;
				CLANG_WARN_DOCUMENTATION_COMMENTS = YES;
				CLANG_WARN_EMPTY_BODY = YES;
				CLANG_WARN_ENUM_CONVERSION = YES;
				CLANG_WARN_INFINITE_RECURSION = YES;
				CLANG_WARN_INT_CONVERSION = YES;
				CLANG_WARN_NON_LITERAL_NULL_CONVERSION = YES;
				CLANG_WARN_OBJC_IMPLICIT_RETAIN_SELF = YES;
				CLANG_WARN_OBJC_LITERAL_CONVERSION = YES;
				CLANG_WARN_OBJC_ROOT_CLASS = YES_ERROR;
				CLANG_WARN_QUOTED_INCLUDE_IN_FRAMEWORK_HEADER = YES;
				CLANG_WARN_RANGE_LOOP_ANALYSIS = YES;
				CLANG_WARN_STRICT_PROTOTYPES = YES;
				CLANG_WARN_SUSPICIOUS_MOVE = YES;
				CLANG_WARN_UNGUARDED_AVAILABILITY = YES_AGGRESSIVE;
				CLANG_WARN_UNREACHABLE_CODE = YES;
				CLANG_WARN__DUPLICATE_METHOD_MATCH = YES;
				COPY_PHASE_STRIP = NO;
				DEBUG_INFORMATION_FORMAT = dwarf;
				ENABLE_STRICT_OBJC_MSGSEND = YES;
				ENABLE_TESTABILITY = YES;
				ENABLE_USER_SCRIPT_SANDBOXING = YES;
				GCC_C_LANGUAGE_STANDARD = gnu17;
				GCC_DYNAMIC_NO_PIC = NO;
				GCC_NO_COMMON_BLOCKS = YES;
				GCC_OPTIMIZATION_LEVEL = 0;
				GCC_PREPROCESSOR_DEFINITIONS = (
					"DEBUG=1",
					"$(inherited)",
				);
				GCC_WARN_64_TO_32_BIT_CONVERSION = YES;
				GCC_WARN_ABOUT_RETURN_TYPE = YES_ERROR;
				GCC_WARN_UNDECLARED_SELECTOR = YES;
				GCC_WARN_UNINITIALIZED_AUTOS = YES_AGGRESSIVE;
				GCC_WARN_UNUSED_FUNCTION = YES;
				GCC_WARN_UNUSED_VARIABLE = YES;
				IPHONEOS_DEPLOYMENT_TARGET = 17.4;
				LOCALIZATION_PREFERS_STRING_CATALOGS = YES;
				MTL_ENABLE_DEBUG_INFO = INCLUDE_SOURCE;
				MTL_FAST_MATH = YES;
				ONLY_ACTIVE_ARCH = YES;
				SDKROOT = iphoneos;
				SWIFT_ACTIVE_COMPILATION_CONDITIONS = "DEBUG $(inherited)";
				SWIFT_OPTIMIZATION_LEVEL = "-Onone";
			};
			name = Debug;
		};
		85A95DBF2BE3C72E00E37863 /* Release */ = {
			isa = XCBuildConfiguration;
			buildSettings = {
				ALWAYS_SEARCH_USER_PATHS = NO;
				ASSETCATALOG_COMPILER_GENERATE_SWIFT_ASSET_SYMBOL_EXTENSIONS = YES;
				CLANG_ANALYZER_NONNULL = YES;
				CLANG_ANALYZER_NUMBER_OBJECT_CONVERSION = YES_AGGRESSIVE;
				CLANG_CXX_LANGUAGE_STANDARD = "gnu++20";
				CLANG_ENABLE_MODULES = YES;
				CLANG_ENABLE_OBJC_ARC = YES;
				CLANG_ENABLE_OBJC_WEAK = YES;
				CLANG_WARN_BLOCK_CAPTURE_AUTORELEASING = YES;
				CLANG_WARN_BOOL_CONVERSION = YES;
				CLANG_WARN_COMMA = YES;
				CLANG_WARN_CONSTANT_CONVERSION = YES;
				CLANG_WARN_DEPRECATED_OBJC_IMPLEMENTATIONS = YES;
				CLANG_WARN_DIRECT_OBJC_ISA_USAGE = YES_ERROR;
				CLANG_WARN_DOCUMENTATION_COMMENTS = YES;
				CLANG_WARN_EMPTY_BODY = YES;
				CLANG_WARN_ENUM_CONVERSION = YES;
				CLANG_WARN_INFINITE_RECURSION = YES;
				CLANG_WARN_INT_CONVERSION = YES;
				CLANG_WARN_NON_LITERAL_NULL_CONVERSION = YES;
				CLANG_WARN_OBJC_IMPLICIT_RETAIN_SELF = YES;
				CLANG_WARN_OBJC_LITERAL_CONVERSION = YES;
				CLANG_WARN_OBJC_ROOT_CLASS = YES_ERROR;
				CLANG_WARN_QUOTED_INCLUDE_IN_FRAMEWORK_HEADER = YES;
				CLANG_WARN_RANGE_LOOP_ANALYSIS = YES;
				CLANG_WARN_STRICT_PROTOTYPES = YES;
				CLANG_WARN_SUSPICIOUS_MOVE = YES;
				CLANG_WARN_UNGUARDED_AVAILABILITY = YES_AGGRESSIVE;
				CLANG_WARN_UNREACHABLE_CODE = YES;
				CLANG_WARN__DUPLICATE_METHOD_MATCH = YES;
				COPY_PHASE_STRIP = NO;
				DEBUG_INFORMATION_FORMAT = "dwarf-with-dsym";
				ENABLE_NS_ASSERTIONS = NO;
				ENABLE_STRICT_OBJC_MSGSEND = YES;
				ENABLE_USER_SCRIPT_SANDBOXING = YES;
				GCC_C_LANGUAGE_STANDARD = gnu17;
				GCC_NO_COMMON_BLOCKS = YES;
				GCC_WARN_64_TO_32_BIT_CONVERSION = YES;
				GCC_WARN_ABOUT_RETURN_TYPE = YES_ERROR;
				GCC_WARN_UNDECLARED_SELECTOR = YES;
				GCC_WARN_UNINITIALIZED_AUTOS = YES_AGGRESSIVE;
				GCC_WARN_UNUSED_FUNCTION = YES;
				GCC_WARN_UNUSED_VARIABLE = YES;
				IPHONEOS_DEPLOYMENT_TARGET = 17.4;
				LOCALIZATION_PREFERS_STRING_CATALOGS = YES;
				MTL_ENABLE_DEBUG_INFO = NO;
				MTL_FAST_MATH = YES;
				SDKROOT = iphoneos;
				SWIFT_COMPILATION_MODE = wholemodule;
				VALIDATE_PRODUCT = YES;
			};
			name = Release;
		};
		85A95DC12BE3C72E00E37863 /* Debug */ = {
			isa = XCBuildConfiguration;
			buildSettings = {
				ASSETCATALOG_COMPILER_APPICON_NAME = AppIcon;
				ASSETCATALOG_COMPILER_GLOBAL_ACCENT_COLOR_NAME = AccentColor;
				CODE_SIGN_STYLE = Automatic;
				CURRENT_PROJECT_VERSION = 1;
				DEVELOPMENT_TEAM = 9S26B8AV5C;
				GENERATE_INFOPLIST_FILE = YES;
				INFOPLIST_FILE = "მოდულარობა/App/Info.plist";
				INFOPLIST_KEY_UIApplicationSupportsIndirectInputEvents = YES;
				INFOPLIST_KEY_UILaunchStoryboardName = LaunchScreen;
				INFOPLIST_KEY_UISupportedInterfaceOrientations_iPad = "UIInterfaceOrientationPortrait UIInterfaceOrientationPortraitUpsideDown UIInterfaceOrientationLandscapeLeft UIInterfaceOrientationLandscapeRight";
				INFOPLIST_KEY_UISupportedInterfaceOrientations_iPhone = "UIInterfaceOrientationPortrait UIInterfaceOrientationLandscapeLeft UIInterfaceOrientationLandscapeRight";
				LD_RUNPATH_SEARCH_PATHS = (
					"$(inherited)",
					"@executable_path/Frameworks",
				);
				MARKETING_VERSION = 1.0;
				PRODUCT_BUNDLE_IDENTIFIER = "com.yvelazeMagariKompania.ge.----------";
				PRODUCT_NAME = "$(TARGET_NAME)";
				SWIFT_EMIT_LOC_STRINGS = YES;
				SWIFT_VERSION = 5.0;
				TARGETED_DEVICE_FAMILY = "1,2";
			};
			name = Debug;
		};
		85A95DC22BE3C72E00E37863 /* Release */ = {
			isa = XCBuildConfiguration;
			buildSettings = {
				ASSETCATALOG_COMPILER_APPICON_NAME = AppIcon;
				ASSETCATALOG_COMPILER_GLOBAL_ACCENT_COLOR_NAME = AccentColor;
				CODE_SIGN_STYLE = Automatic;
				CURRENT_PROJECT_VERSION = 1;
				DEVELOPMENT_TEAM = 9S26B8AV5C;
				GENERATE_INFOPLIST_FILE = YES;
				INFOPLIST_FILE = "მოდულარობა/App/Info.plist";
				INFOPLIST_KEY_UIApplicationSupportsIndirectInputEvents = YES;
				INFOPLIST_KEY_UILaunchStoryboardName = LaunchScreen;
				INFOPLIST_KEY_UISupportedInterfaceOrientations_iPad = "UIInterfaceOrientationPortrait UIInterfaceOrientationPortraitUpsideDown UIInterfaceOrientationLandscapeLeft UIInterfaceOrientationLandscapeRight";
				INFOPLIST_KEY_UISupportedInterfaceOrientations_iPhone = "UIInterfaceOrientationPortrait UIInterfaceOrientationLandscapeLeft UIInterfaceOrientationLandscapeRight";
				LD_RUNPATH_SEARCH_PATHS = (
					"$(inherited)",
					"@executable_path/Frameworks",
				);
				MARKETING_VERSION = 1.0;
				PRODUCT_BUNDLE_IDENTIFIER = "com.yvelazeMagariKompania.ge.----------";
				PRODUCT_NAME = "$(TARGET_NAME)";
				SWIFT_EMIT_LOC_STRINGS = YES;
				SWIFT_VERSION = 5.0;
				TARGETED_DEVICE_FAMILY = "1,2";
			};
			name = Release;
		};
/* End XCBuildConfiguration section */

/* Begin XCConfigurationList section */
		85A95DA72BE3C72C00E37863 /* Build configuration list for PBXProject "მოდულარობა" */ = {
			isa = XCConfigurationList;
			buildConfigurations = (
				85A95DBE2BE3C72E00E37863 /* Debug */,
				85A95DBF2BE3C72E00E37863 /* Release */,
			);
			defaultConfigurationIsVisible = 0;
			defaultConfigurationName = Release;
		};
		85A95DC02BE3C72E00E37863 /* Build configuration list for PBXNativeTarget "მოდულარობა" */ = {
			isa = XCConfigurationList;
			buildConfigurations = (
				85A95DC12BE3C72E00E37863 /* Debug */,
				85A95DC22BE3C72E00E37863 /* Release */,
			);
			defaultConfigurationIsVisible = 0;
			defaultConfigurationName = Release;
		};
/* End XCConfigurationList section */

/* Begin XCRemoteSwiftPackageReference section */
		85A95DDC2BE44C0400E37863 /* XCRemoteSwiftPackageReference "SimpleNetworking" */ = {
			isa = XCRemoteSwiftPackageReference;
			repositoryURL = "https://github.com/GujMeister/SimpleNetworking.git";
			requirement = {
				branch = main;
				kind = branch;
			};
		};
/* End XCRemoteSwiftPackageReference section */

/* Begin XCSwiftPackageProductDependency section */
		85A95DDD2BE44C0400E37863 /* SimpleNetworking */ = {
			isa = XCSwiftPackageProductDependency;
			package = 85A95DDC2BE44C0400E37863 /* XCRemoteSwiftPackageReference "SimpleNetworking" */;
			productName = SimpleNetworking;
		};
/* End XCSwiftPackageProductDependency section */
	};
	rootObject = 85A95DA42BE3C72C00E37863 /* Project object */;
}
